
Microsoft Visual Studio Solution File, Format Version 12.00
# Visual Studio Version 16
VisualStudioVersion = 16.0.30711.63
MinimumVisualStudioVersion = 10.0.40219.1
Project("{FAE04EC0-301F-11D3-BF4B-00C04F79EFBC}") = "Career Search Project", "Career Search Project\Career Search Project.csproj", "{A4C734BE-4821-45C8-B9A0-F95831C9A0D8}"
EndProject
Global
	GlobalSection(SolutionConfigurationPlatforms) = preSolution
		Debug|Any CPU = Debug|Any CPU
		Release|Any CPU = Release|Any CPU
	EndGlobalSection
	GlobalSection(ProjectConfigurationPlatforms) = postSolution
		{A4C734BE-4821-45C8-B9A0-F95831C9A0D8}.Debug|Any CPU.ActiveCfg = Debug|Any CPU
		{A4C734BE-4821-45C8-B9A0-F95831C9A0D8}.Debug|Any CPU.Build.0 = Debug|Any CPU
		{A4C734BE-4821-45C8-B9A0-F95831C9A0D8}.Release|Any CPU.ActiveCfg = Release|Any CPU
		{A4C734BE-4821-45C8-B9A0-F95831C9A0D8}.Release|Any CPU.Build.0 = Release|Any CPU
	EndGlobalSection
	GlobalSection(SolutionProperties) = preSolution
		HideSolutionNode = FALSE
	EndGlobalSection
	GlobalSection(ExtensibilityGlobals) = postSolution
		SolutionGuid = {1C63BE75-2D0B-4618-ADC0-7F5A6A24459E}
	EndGlobalSection
EndGlobal
